// !$*UTF8*$!
{
	archiveVersion = 1;
	classes = {
	};
	objectVersion = 56;
	objects = {

/* Begin PBXBuildFile section */
		C8175B0C2BF5C4DC0078C078 /* AppDelegate.swift in Sources */ = {isa = PBXBuildFile; fileRef = C8175B0B2BF5C4DC0078C078 /* AppDelegate.swift */; };
		C8175B0E2BF5C4DC0078C078 /* SceneDelegate.swift in Sources */ = {isa = PBXBuildFile; fileRef = C8175B0D2BF5C4DC0078C078 /* SceneDelegate.swift */; };
		C8175B102BF5C4DC0078C078 /* SignInViewController.swift in Sources */ = {isa = PBXBuildFile; fileRef = C8175B0F2BF5C4DC0078C078 /* SignInViewController.swift */; };
		C8175B132BF5C4DC0078C078 /* Base in Resources */ = {isa = PBXBuildFile; fileRef = C8175B122BF5C4DC0078C078 /* Base */; };
		C8175B152BF5C4DE0078C078 /* Assets.xcassets in Resources */ = {isa = PBXBuildFile; fileRef = C8175B142BF5C4DE0078C078 /* Assets.xcassets */; };
		C8175B182BF5C4DE0078C078 /* Base in Resources */ = {isa = PBXBuildFile; fileRef = C8175B172BF5C4DE0078C078 /* Base */; };
		C8175B212BF5C6410078C078 /* CredentialsManager.swift in Sources */ = {isa = PBXBuildFile; fileRef = C8175B202BF5C6410078C078 /* CredentialsManager.swift */; };
		C8175B282BF5CA580078C078 /* MovieCollectionViewCell.swift in Sources */ = {isa = PBXBuildFile; fileRef = C8175B272BF5CA580078C078 /* MovieCollectionViewCell.swift */; };
		C8175B2E2BF5CD660078C078 /* MovieSearchViewController.swift in Sources */ = {isa = PBXBuildFile; fileRef = C8175B2D2BF5CD660078C078 /* MovieSearchViewController.swift */; };
		C8175B312BF5CF340078C078 /* MovieData.xcdatamodeld in Sources */ = {isa = PBXBuildFile; fileRef = C8175B2F2BF5CF340078C078 /* MovieData.xcdatamodeld */; };
		C8175B382BF5D0E20078C078 /* MovieModel.swift in Sources */ = {isa = PBXBuildFile; fileRef = C8175B372BF5D0E20078C078 /* MovieModel.swift */; };
		C8175B3E2BF5D2C10078C078 /* CoreDataManager.swift in Sources */ = {isa = PBXBuildFile; fileRef = C8175B3D2BF5D2C10078C078 /* CoreDataManager.swift */; };
		C8175B452BF5D55C0078C078 /* MovieEntity+CoreDataClass.swift in Sources */ = {isa = PBXBuildFile; fileRef = C8175B432BF5D55C0078C078 /* MovieEntity+CoreDataClass.swift */; };
		C8175B462BF5D55C0078C078 /* MovieEntity+CoreDataProperties.swift in Sources */ = {isa = PBXBuildFile; fileRef = C8175B442BF5D55C0078C078 /* MovieEntity+CoreDataProperties.swift */; };
		C8175B4A2BF5FFBD0078C078 /* MovieDetailsViewController.swift in Sources */ = {isa = PBXBuildFile; fileRef = C8175B492BF5FFBD0078C078 /* MovieDetailsViewController.swift */; };
		C8175B502BF600F70078C078 /* MovieDetailsModel.swift in Sources */ = {isa = PBXBuildFile; fileRef = C8175B4F2BF600F70078C078 /* MovieDetailsModel.swift */; };
/* End PBXBuildFile section */

/* Begin PBXFileReference section */
		C8175B082BF5C4DC0078C078 /* MovieSearch.app */ = {isa = PBXFileReference; explicitFileType = wrapper.application; includeInIndex = 0; path = MovieSearch.app; sourceTree = BUILT_PRODUCTS_DIR; };
		C8175B0B2BF5C4DC0078C078 /* AppDelegate.swift */ = {isa = PBXFileReference; lastKnownFileType = sourcecode.swift; path = AppDelegate.swift; sourceTree = "<group>"; };
		C8175B0D2BF5C4DC0078C078 /* SceneDelegate.swift */ = {isa = PBXFileReference; lastKnownFileType = sourcecode.swift; path = SceneDelegate.swift; sourceTree = "<group>"; };
		C8175B0F2BF5C4DC0078C078 /* SignInViewController.swift */ = {isa = PBXFileReference; lastKnownFileType = sourcecode.swift; path = SignInViewController.swift; sourceTree = "<group>"; };
		C8175B122BF5C4DC0078C078 /* Base */ = {isa = PBXFileReference; lastKnownFileType = file.storyboard; name = Base; path = Base.lproj/Main.storyboard; sourceTree = "<group>"; };
		C8175B142BF5C4DE0078C078 /* Assets.xcassets */ = {isa = PBXFileReference; lastKnownFileType = folder.assetcatalog; path = Assets.xcassets; sourceTree = "<group>"; };
		C8175B172BF5C4DE0078C078 /* Base */ = {isa = PBXFileReference; lastKnownFileType = file.storyboard; name = Base; path = Base.lproj/LaunchScreen.storyboard; sourceTree = "<group>"; };
		C8175B192BF5C4DE0078C078 /* Info.plist */ = {isa = PBXFileReference; lastKnownFileType = text.plist.xml; path = Info.plist; sourceTree = "<group>"; };
		C8175B202BF5C6410078C078 /* CredentialsManager.swift */ = {isa = PBXFileReference; lastKnownFileType = sourcecode.swift; path = CredentialsManager.swift; sourceTree = "<group>"; };
		C8175B272BF5CA580078C078 /* MovieCollectionViewCell.swift */ = {isa = PBXFileReference; lastKnownFileType = sourcecode.swift; path = MovieCollectionViewCell.swift; sourceTree = "<group>"; };
		C8175B2D2BF5CD660078C078 /* MovieSearchViewController.swift */ = {isa = PBXFileReference; lastKnownFileType = sourcecode.swift; path = MovieSearchViewController.swift; sourceTree = "<group>"; };
		C8175B302BF5CF340078C078 /* MovieData.xcdatamodel */ = {isa = PBXFileReference; lastKnownFileType = wrapper.xcdatamodel; path = MovieData.xcdatamodel; sourceTree = "<group>"; };
		C8175B372BF5D0E20078C078 /* MovieModel.swift */ = {isa = PBXFileReference; lastKnownFileType = sourcecode.swift; path = MovieModel.swift; sourceTree = "<group>"; };
		C8175B3D2BF5D2C10078C078 /* CoreDataManager.swift */ = {isa = PBXFileReference; lastKnownFileType = sourcecode.swift; path = CoreDataManager.swift; sourceTree = "<group>"; };
		C8175B432BF5D55C0078C078 /* MovieEntity+CoreDataClass.swift */ = {isa = PBXFileReference; lastKnownFileType = sourcecode.swift; path = "MovieEntity+CoreDataClass.swift"; sourceTree = "<group>"; };
		C8175B442BF5D55C0078C078 /* MovieEntity+CoreDataProperties.swift */ = {isa = PBXFileReference; lastKnownFileType = sourcecode.swift; path = "MovieEntity+CoreDataProperties.swift"; sourceTree = "<group>"; };
		C8175B492BF5FFBD0078C078 /* MovieDetailsViewController.swift */ = {isa = PBXFileReference; lastKnownFileType = sourcecode.swift; path = MovieDetailsViewController.swift; sourceTree = "<group>"; };
		C8175B4F2BF600F70078C078 /* MovieDetailsModel.swift */ = {isa = PBXFileReference; lastKnownFileType = sourcecode.swift; path = MovieDetailsModel.swift; sourceTree = "<group>"; };
/* End PBXFileReference section */

/* Begin PBXFrameworksBuildPhase section */
		C8175B052BF5C4DC0078C078 /* Frameworks */ = {
			isa = PBXFrameworksBuildPhase;
			buildActionMask = 2147483647;
			files = (
			);
			runOnlyForDeploymentPostprocessing = 0;
		};
/* End PBXFrameworksBuildPhase section */

/* Begin PBXGroup section */
		C8175AFF2BF5C4DC0078C078 = {
			isa = PBXGroup;
			children = (
				C8175B432BF5D55C0078C078 /* MovieEntity+CoreDataClass.swift */,
				C8175B442BF5D55C0078C078 /* MovieEntity+CoreDataProperties.swift */,
				C8175B2F2BF5CF340078C078 /* MovieData.xcdatamodeld */,
				C8175B0A2BF5C4DC0078C078 /* MovieSearch */,
				C8175B092BF5C4DC0078C078 /* Products */,
			);
			sourceTree = "<group>";
		};
		C8175B092BF5C4DC0078C078 /* Products */ = {
			isa = PBXGroup;
			children = (
				C8175B082BF5C4DC0078C078 /* MovieSearch.app */,
			);
			name = Products;
			sourceTree = "<group>";
		};
		C8175B0A2BF5C4DC0078C078 /* MovieSearch */ = {
			isa = PBXGroup;
			children = (
				C8175B362BF5D0D70078C078 /* Model */,
				C8175B262BF5CA480078C078 /* View */,
				C8175B2C2BF5CD4B0078C078 /* Controller */,
				C8175B1F2BF5C62A0078C078 /* Utils */,
				C8175B0B2BF5C4DC0078C078 /* AppDelegate.swift */,
				C8175B0D2BF5C4DC0078C078 /* SceneDelegate.swift */,
				C8175B112BF5C4DC0078C078 /* Main.storyboard */,
				C8175B142BF5C4DE0078C078 /* Assets.xcassets */,
				C8175B162BF5C4DE0078C078 /* LaunchScreen.storyboard */,
				C8175B192BF5C4DE0078C078 /* Info.plist */,
			);
			path = MovieSearch;
			sourceTree = "<group>";
		};
		C8175B1F2BF5C62A0078C078 /* Utils */ = {
			isa = PBXGroup;
			children = (
				C8175B202BF5C6410078C078 /* CredentialsManager.swift */,
				C8175B3D2BF5D2C10078C078 /* CoreDataManager.swift */,
			);
			path = Utils;
			sourceTree = "<group>";
		};
		C8175B262BF5CA480078C078 /* View */ = {
			isa = PBXGroup;
			children = (
				C8175B272BF5CA580078C078 /* MovieCollectionViewCell.swift */,
			);
			path = View;
			sourceTree = "<group>";
		};
		C8175B2C2BF5CD4B0078C078 /* Controller */ = {
			isa = PBXGroup;
			children = (
				C8175B0F2BF5C4DC0078C078 /* SignInViewController.swift */,
				C8175B2D2BF5CD660078C078 /* MovieSearchViewController.swift */,
				C8175B492BF5FFBD0078C078 /* MovieDetailsViewController.swift */,
			);
			path = Controller;
			sourceTree = "<group>";
		};
		C8175B362BF5D0D70078C078 /* Model */ = {
			isa = PBXGroup;
			children = (
				C8175B372BF5D0E20078C078 /* MovieModel.swift */,
				C8175B4F2BF600F70078C078 /* MovieDetailsModel.swift */,
			);
			path = Model;
			sourceTree = "<group>";
		};
/* End PBXGroup section */

/* Begin PBXNativeTarget section */
		C8175B072BF5C4DC0078C078 /* MovieSearch */ = {
			isa = PBXNativeTarget;
			buildConfigurationList = C8175B1C2BF5C4DE0078C078 /* Build configuration list for PBXNativeTarget "MovieSearch" */;
			buildPhases = (
				C8175B042BF5C4DC0078C078 /* Sources */,
				C8175B052BF5C4DC0078C078 /* Frameworks */,
				C8175B062BF5C4DC0078C078 /* Resources */,
			);
			buildRules = (
			);
			dependencies = (
			);
			name = MovieSearch;
			productName = MovieSearch;
			productReference = C8175B082BF5C4DC0078C078 /* MovieSearch.app */;
			productType = "com.apple.product-type.application";
		};
/* End PBXNativeTarget section */

/* Begin PBXProject section */
		C8175B002BF5C4DC0078C078 /* Project object */ = {
			isa = PBXProject;
			attributes = {
				BuildIndependentTargetsInParallel = 1;
				LastSwiftUpdateCheck = 1530;
				LastUpgradeCheck = 1530;
				TargetAttributes = {
					C8175B072BF5C4DC0078C078 = {
						CreatedOnToolsVersion = 15.3;
					};
				};
			};
			buildConfigurationList = C8175B032BF5C4DC0078C078 /* Build configuration list for PBXProject "MovieSearch" */;
			compatibilityVersion = "Xcode 14.0";
			developmentRegion = en;
			hasScannedForEncodings = 0;
			knownRegions = (
				en,
				Base,
			);
			mainGroup = C8175AFF2BF5C4DC0078C078;
			productRefGroup = C8175B092BF5C4DC0078C078 /* Products */;
			projectDirPath = "";
			projectRoot = "";
			targets = (
				C8175B072BF5C4DC0078C078 /* MovieSearch */,
			);
		};
/* End PBXProject section */

/* Begin PBXResourcesBuildPhase section */
		C8175B062BF5C4DC0078C078 /* Resources */ = {
			isa = PBXResourcesBuildPhase;
			buildActionMask = 2147483647;
			files = (
				C8175B152BF5C4DE0078C078 /* Assets.xcassets in Resources */,
				C8175B182BF5C4DE0078C078 /* Base in Resources */,
				C8175B132BF5C4DC0078C078 /* Base in Resources */,
			);
			runOnlyForDeploymentPostprocessing = 0;
		};
/* End PBXResourcesBuildPhase section */

/* Begin PBXSourcesBuildPhase section */
		C8175B042BF5C4DC0078C078 /* Sources */ = {
			isa = PBXSourcesBuildPhase;
			buildActionMask = 2147483647;
			files = (
				C8175B452BF5D55C0078C078 /* MovieEntity+CoreDataClass.swift in Sources */,
				C8175B462BF5D55C0078C078 /* MovieEntity+CoreDataProperties.swift in Sources */,
				C8175B312BF5CF340078C078 /* MovieData.xcdatamodeld in Sources */,
				C8175B212BF5C6410078C078 /* CredentialsManager.swift in Sources */,
				C8175B382BF5D0E20078C078 /* MovieModel.swift in Sources */,
				C8175B282BF5CA580078C078 /* MovieCollectionViewCell.swift in Sources */,
				C8175B102BF5C4DC0078C078 /* SignInViewController.swift in Sources */,
				C8175B0C2BF5C4DC0078C078 /* AppDelegate.swift in Sources */,
				C8175B502BF600F70078C078 /* MovieDetailsModel.swift in Sources */,
				C8175B4A2BF5FFBD0078C078 /* MovieDetailsViewController.swift in Sources */,
				C8175B2E2BF5CD660078C078 /* MovieSearchViewController.swift in Sources */,
				C8175B0E2BF5C4DC0078C078 /* SceneDelegate.swift in Sources */,
				C8175B3E2BF5D2C10078C078 /* CoreDataManager.swift in Sources */,
			);
			runOnlyForDeploymentPostprocessing = 0;
		};
/* End PBXSourcesBuildPhase section */

/* Begin PBXVariantGroup section */
		C8175B112BF5C4DC0078C078 /* Main.storyboard */ = {
			isa = PBXVariantGroup;
			children = (
				C8175B122BF5C4DC0078C078 /* Base */,
			);
			name = Main.storyboard;
			sourceTree = "<group>";
		};
		C8175B162BF5C4DE0078C078 /* LaunchScreen.storyboard */ = {
			isa = PBXVariantGroup;
			children = (
				C8175B172BF5C4DE0078C078 /* Base */,
			);
			name = LaunchScreen.storyboard;
			sourceTree = "<group>";
		};
/* End PBXVariantGroup section */

/* Begin XCBuildConfiguration section */
		C8175B1A2BF5C4DE0078C078 /* Debug */ = {
			isa = XCBuildConfiguration;
			buildSettings = {
				ALWAYS_SEARCH_USER_PATHS = NO;
				ASSETCATALOG_COMPILER_GENERATE_SWIFT_ASSET_SYMBOL_EXTENSIONS = YES;
				CLANG_ANALYZER_NONNULL = YES;
				CLANG_ANALYZER_NUMBER_OBJECT_CONVERSION = YES_AGGRESSIVE;
				CLANG_CXX_LANGUAGE_STANDARD = "gnu++20";
				CLANG_ENABLE_MODULES = YES;
				CLANG_ENABLE_OBJC_ARC = YES;
				CLANG_ENABLE_OBJC_WEAK = YES;
				CLANG_WARN_BLOCK_CAPTURE_AUTORELEASING = YES;
				CLANG_WARN_BOOL_CONVERSION = YES;
				CLANG_WARN_COMMA = YES;
				CLANG_WARN_CONSTANT_CONVERSION = YES;
				CLANG_WARN_DEPRECATED_OBJC_IMPLEMENTATIONS = YES;
				CLANG_WARN_DIRECT_OBJC_ISA_USAGE = YES_ERROR;
				CLANG_WARN_DOCUMENTATION_COMMENTS = YES;
				CLANG_WARN_EMPTY_BODY = YES;
				CLANG_WARN_ENUM_CONVERSION = YES;
				CLANG_WARN_INFINITE_RECURSION = YES;
				CLANG_WARN_INT_CONVERSION = YES;
				CLANG_WARN_NON_LITERAL_NULL_CONVERSION = YES;
				CLANG_WARN_OBJC_IMPLICIT_RETAIN_SELF = YES;
				CLANG_WARN_OBJC_LITERAL_CONVERSION = YES;
				CLANG_WARN_OBJC_ROOT_CLASS = YES_ERROR;
				CLANG_WARN_QUOTED_INCLUDE_IN_FRAMEWORK_HEADER = YES;
				CLANG_WARN_RANGE_LOOP_ANALYSIS = YES;
				CLANG_WARN_STRICT_PROTOTYPES = YES;
				CLANG_WARN_SUSPICIOUS_MOVE = YES;
				CLANG_WARN_UNGUARDED_AVAILABILITY = YES_AGGRESSIVE;
				CLANG_WARN_UNREACHABLE_CODE = YES;
				CLANG_WARN__DUPLICATE_METHOD_MATCH = YES;
				COPY_PHASE_STRIP = NO;
				DEBUG_INFORMATION_FORMAT = dwarf;
				ENABLE_STRICT_OBJC_MSGSEND = YES;
				ENABLE_TESTABILITY = YES;
				ENABLE_USER_SCRIPT_SANDBOXING = YES;
				GCC_C_LANGUAGE_STANDARD = gnu17;
				GCC_DYNAMIC_NO_PIC = NO;
				GCC_NO_COMMON_BLOCKS = YES;
				GCC_OPTIMIZATION_LEVEL = 0;
				GCC_PREPROCESSOR_DEFINITIONS = (
					"DEBUG=1",
					"$(inherited)",
				);
				GCC_WARN_64_TO_32_BIT_CONVERSION = YES;
				GCC_WARN_ABOUT_RETURN_TYPE = YES_ERROR;
				GCC_WARN_UNDECLARED_SELECTOR = YES;
				GCC_WARN_UNINITIALIZED_AUTOS = YES_AGGRESSIVE;
				GCC_WARN_UNUSED_FUNCTION = YES;
				GCC_WARN_UNUSED_VARIABLE = YES;
				IPHONEOS_DEPLOYMENT_TARGET = 17.4;
				LOCALIZATION_PREFERS_STRING_CATALOGS = YES;
				MTL_ENABLE_DEBUG_INFO = INCLUDE_SOURCE;
				MTL_FAST_MATH = YES;
				ONLY_ACTIVE_ARCH = YES;
				SDKROOT = iphoneos;
				SWIFT_ACTIVE_COMPILATION_CONDITIONS = "DEBUG $(inherited)";
				SWIFT_OPTIMIZATION_LEVEL = "-Onone";
			};
			name = Debug;
		};
		C8175B1B2BF5C4DE0078C078 /* Release */ = {
			isa = XCBuildConfiguration;
			buildSettings = {
				ALWAYS_SEARCH_USER_PATHS = NO;
				ASSETCATALOG_COMPILER_GENERATE_SWIFT_ASSET_SYMBOL_EXTENSIONS = YES;
				CLANG_ANALYZER_NONNULL = YES;
				CLANG_ANALYZER_NUMBER_OBJECT_CONVERSION = YES_AGGRESSIVE;
				CLANG_CXX_LANGUAGE_STANDARD = "gnu++20";
				CLANG_ENABLE_MODULES = YES;
				CLANG_ENABLE_OBJC_ARC = YES;
				CLANG_ENABLE_OBJC_WEAK = YES;
				CLANG_WARN_BLOCK_CAPTURE_AUTORELEASING = YES;
				CLANG_WARN_BOOL_CONVERSION = YES;
				CLANG_WARN_COMMA = YES;
				CLANG_WARN_CONSTANT_CONVERSION = YES;
				CLANG_WARN_DEPRECATED_OBJC_IMPLEMENTATIONS = YES;
				CLANG_WARN_DIRECT_OBJC_ISA_USAGE = YES_ERROR;
				CLANG_WARN_DOCUMENTATION_COMMENTS = YES;
				CLANG_WARN_EMPTY_BODY = YES;
				CLANG_WARN_ENUM_CONVERSION = YES;
				CLANG_WARN_INFINITE_RECURSION = YES;
				CLANG_WARN_INT_CONVERSION = YES;
				CLANG_WARN_NON_LITERAL_NULL_CONVERSION = YES;
				CLANG_WARN_OBJC_IMPLICIT_RETAIN_SELF = YES;
				CLANG_WARN_OBJC_LITERAL_CONVERSION = YES;
				CLANG_WARN_OBJC_ROOT_CLASS = YES_ERROR;
				CLANG_WARN_QUOTED_INCLUDE_IN_FRAMEWORK_HEADER = YES;
				CLANG_WARN_RANGE_LOOP_ANALYSIS = YES;
				CLANG_WARN_STRICT_PROTOTYPES = YES;
				CLANG_WARN_SUSPICIOUS_MOVE = YES;
				CLANG_WARN_UNGUARDED_AVAILABILITY = YES_AGGRESSIVE;
				CLANG_WARN_UNREACHABLE_CODE = YES;
				CLANG_WARN__DUPLICATE_METHOD_MATCH = YES;
				COPY_PHASE_STRIP = NO;
				DEBUG_INFORMATION_FORMAT = "dwarf-with-dsym";
				ENABLE_NS_ASSERTIONS = NO;
				ENABLE_STRICT_OBJC_MSGSEND = YES;
				ENABLE_USER_SCRIPT_SANDBOXING = YES;
				GCC_C_LANGUAGE_STANDARD = gnu17;
				GCC_NO_COMMON_BLOCKS = YES;
				GCC_WARN_64_TO_32_BIT_CONVERSION = YES;
				GCC_WARN_ABOUT_RETURN_TYPE = YES_ERROR;
				GCC_WARN_UNDECLARED_SELECTOR = YES;
				GCC_WARN_UNINITIALIZED_AUTOS = YES_AGGRESSIVE;
				GCC_WARN_UNUSED_FUNCTION = YES;
				GCC_WARN_UNUSED_VARIABLE = YES;
				IPHONEOS_DEPLOYMENT_TARGET = 17.4;
				LOCALIZATION_PREFERS_STRING_CATALOGS = YES;
				MTL_ENABLE_DEBUG_INFO = NO;
				MTL_FAST_MATH = YES;
				SDKROOT = iphoneos;
				SWIFT_COMPILATION_MODE = wholemodule;
				VALIDATE_PRODUCT = YES;
			};
			name = Release;
		};
		C8175B1D2BF5C4DE0078C078 /* Debug */ = {
			isa = XCBuildConfiguration;
			buildSettings = {
				ASSETCATALOG_COMPILER_APPICON_NAME = AppIcon;
				ASSETCATALOG_COMPILER_GLOBAL_ACCENT_COLOR_NAME = AccentColor;
				CODE_SIGN_STYLE = Automatic;
				CURRENT_PROJECT_VERSION = 1;
				GENERATE_INFOPLIST_FILE = YES;
				INFOPLIST_FILE = MovieSearch/Info.plist;
				INFOPLIST_KEY_UIApplicationSupportsIndirectInputEvents = YES;
				INFOPLIST_KEY_UILaunchStoryboardName = LaunchScreen;
				INFOPLIST_KEY_UIMainStoryboardFile = Main;
				INFOPLIST_KEY_UISupportedInterfaceOrientations_iPad = "UIInterfaceOrientationPortrait UIInterfaceOrientationPortraitUpsideDown UIInterfaceOrientationLandscapeLeft UIInterfaceOrientationLandscapeRight";
				INFOPLIST_KEY_UISupportedInterfaceOrientations_iPhone = "UIInterfaceOrientationPortrait UIInterfaceOrientationLandscapeLeft UIInterfaceOrientationLandscapeRight";
				LD_RUNPATH_SEARCH_PATHS = (
					"$(inherited)",
					"@executable_path/Frameworks",
				);
				MARKETING_VERSION = 1.0;
				PRODUCT_BUNDLE_IDENTIFIER = eltonC.MovieSearch;
				PRODUCT_NAME = "$(TARGET_NAME)";
				SWIFT_EMIT_LOC_STRINGS = YES;
				SWIFT_VERSION = 5.0;
				TARGETED_DEVICE_FAMILY = "1,2";
			};
			name = Debug;
		};
		C8175B1E2BF5C4DE0078C078 /* Release */ = {
			isa = XCBuildConfiguration;
			buildSettings = {
				ASSETCATALOG_COMPILER_APPICON_NAME = AppIcon;
				ASSETCATALOG_COMPILER_GLOBAL_ACCENT_COLOR_NAME = AccentColor;
				CODE_SIGN_STYLE = Automatic;
				CURRENT_PROJECT_VERSION = 1;
				GENERATE_INFOPLIST_FILE = YES;
				INFOPLIST_FILE = MovieSearch/Info.plist;
				INFOPLIST_KEY_UIApplicationSupportsIndirectInputEvents = YES;
				INFOPLIST_KEY_UILaunchStoryboardName = LaunchScreen;
				INFOPLIST_KEY_UIMainStoryboardFile = Main;
				INFOPLIST_KEY_UISupportedInterfaceOrientations_iPad = "UIInterfaceOrientationPortrait UIInterfaceOrientationPortraitUpsideDown UIInterfaceOrientationLandscapeLeft UIInterfaceOrientationLandscapeRight";
				INFOPLIST_KEY_UISupportedInterfaceOrientations_iPhone = "UIInterfaceOrientationPortrait UIInterfaceOrientationLandscapeLeft UIInterfaceOrientationLandscapeRight";
				LD_RUNPATH_SEARCH_PATHS = (
					"$(inherited)",
					"@executable_path/Frameworks",
				);
				MARKETING_VERSION = 1.0;
				PRODUCT_BUNDLE_IDENTIFIER = eltonC.MovieSearch;
				PRODUCT_NAME = "$(TARGET_NAME)";
				SWIFT_EMIT_LOC_STRINGS = YES;
				SWIFT_VERSION = 5.0;
				TARGETED_DEVICE_FAMILY = "1,2";
			};
			name = Release;
		};
/* End XCBuildConfiguration section */

/* Begin XCConfigurationList section */
		C8175B032BF5C4DC0078C078 /* Build configuration list for PBXProject "MovieSearch" */ = {
			isa = XCConfigurationList;
			buildConfigurations = (
				C8175B1A2BF5C4DE0078C078 /* Debug */,
				C8175B1B2BF5C4DE0078C078 /* Release */,
			);
			defaultConfigurationIsVisible = 0;
			defaultConfigurationName = Release;
		};
		C8175B1C2BF5C4DE0078C078 /* Build configuration list for PBXNativeTarget "MovieSearch" */ = {
			isa = XCConfigurationList;
			buildConfigurations = (
				C8175B1D2BF5C4DE0078C078 /* Debug */,
				C8175B1E2BF5C4DE0078C078 /* Release */,
			);
			defaultConfigurationIsVisible = 0;
			defaultConfigurationName = Release;
		};
/* End XCConfigurationList section */

/* Begin XCVersionGroup section */
		C8175B2F2BF5CF340078C078 /* MovieData.xcdatamodeld */ = {
			isa = XCVersionGroup;
			children = (
				C8175B302BF5CF340078C078 /* MovieData.xcdatamodel */,
			);
			currentVersion = C8175B302BF5CF340078C078 /* MovieData.xcdatamodel */;
			name = MovieData.xcdatamodeld;
			path = /Users/kartheng.hiong/Desktop/MovieSearch/MovieData.xcdatamodeld;
			sourceTree = "<group>";
			versionGroupType = wrapper.xcdatamodel;
		};
/* End XCVersionGroup section */
	};
	rootObject = C8175B002BF5C4DC0078C078 /* Project object */;
}
